// !$*UTF8*$!
{
	archiveVersion = 1;
	classes = {
	};
	objectVersion = 60;
	objects = {

/* Begin PBXBuildFile section */
		CE95D3832C57C751005B1C47 /* Rick_and_Morty_AppApp.swift in Sources */ = {isa = PBXBuildFile; fileRef = CE95D3822C57C751005B1C47 /* Rick_and_Morty_AppApp.swift */; };
		CE95D3852C57C751005B1C47 /* ContentView.swift in Sources */ = {isa = PBXBuildFile; fileRef = CE95D3842C57C751005B1C47 /* ContentView.swift */; };
		CE95D3872C57C752005B1C47 /* Assets.xcassets in Resources */ = {isa = PBXBuildFile; fileRef = CE95D3862C57C752005B1C47 /* Assets.xcassets */; };
		CE95D38A2C57C752005B1C47 /* Preview Assets.xcassets in Resources */ = {isa = PBXBuildFile; fileRef = CE95D3892C57C752005B1C47 /* Preview Assets.xcassets */; };
		CE95D3942C57C752005B1C47 /* Rick_and_Morty_AppTests.swift in Sources */ = {isa = PBXBuildFile; fileRef = CE95D3932C57C752005B1C47 /* Rick_and_Morty_AppTests.swift */; };
		CE95D39E2C57C752005B1C47 /* Rick_and_Morty_AppUITests.swift in Sources */ = {isa = PBXBuildFile; fileRef = CE95D39D2C57C752005B1C47 /* Rick_and_Morty_AppUITests.swift */; };
		CE95D3A02C57C752005B1C47 /* Rick_and_Morty_AppUITestsLaunchTests.swift in Sources */ = {isa = PBXBuildFile; fileRef = CE95D39F2C57C752005B1C47 /* Rick_and_Morty_AppUITestsLaunchTests.swift */; };
/* End PBXBuildFile section */

/* Begin PBXContainerItemProxy section */
		CE95D3902C57C752005B1C47 /* PBXContainerItemProxy */ = {
			isa = PBXContainerItemProxy;
			containerPortal = CE95D3772C57C751005B1C47 /* Project object */;
			proxyType = 1;
			remoteGlobalIDString = CE95D37E2C57C751005B1C47;
			remoteInfo = "Rick and Morty App";
		};
		CE95D39A2C57C752005B1C47 /* PBXContainerItemProxy */ = {
			isa = PBXContainerItemProxy;
			containerPortal = CE95D3772C57C751005B1C47 /* Project object */;
			proxyType = 1;
			remoteGlobalIDString = CE95D37E2C57C751005B1C47;
			remoteInfo = "Rick and Morty App";
		};
/* End PBXContainerItemProxy section */

/* Begin PBXFileReference section */
		CE95D37F2C57C751005B1C47 /* Rick and Morty App.app */ = {isa = PBXFileReference; explicitFileType = wrapper.application; includeInIndex = 0; path = "Rick and Morty App.app"; sourceTree = BUILT_PRODUCTS_DIR; };
		CE95D3822C57C751005B1C47 /* Rick_and_Morty_AppApp.swift */ = {isa = PBXFileReference; lastKnownFileType = sourcecode.swift; path = Rick_and_Morty_AppApp.swift; sourceTree = "<group>"; };
		CE95D3842C57C751005B1C47 /* ContentView.swift */ = {isa = PBXFileReference; lastKnownFileType = sourcecode.swift; path = ContentView.swift; sourceTree = "<group>"; };
		CE95D3862C57C752005B1C47 /* Assets.xcassets */ = {isa = PBXFileReference; lastKnownFileType = folder.assetcatalog; path = Assets.xcassets; sourceTree = "<group>"; };
		CE95D3892C57C752005B1C47 /* Preview Assets.xcassets */ = {isa = PBXFileReference; lastKnownFileType = folder.assetcatalog; path = "Preview Assets.xcassets"; sourceTree = "<group>"; };
		CE95D38F2C57C752005B1C47 /* Rick and Morty AppTests.xctest */ = {isa = PBXFileReference; explicitFileType = wrapper.cfbundle; includeInIndex = 0; path = "Rick and Morty AppTests.xctest"; sourceTree = BUILT_PRODUCTS_DIR; };
		CE95D3932C57C752005B1C47 /* Rick_and_Morty_AppTests.swift */ = {isa = PBXFileReference; lastKnownFileType = sourcecode.swift; path = Rick_and_Morty_AppTests.swift; sourceTree = "<group>"; };
		CE95D3992C57C752005B1C47 /* Rick and Morty AppUITests.xctest */ = {isa = PBXFileReference; explicitFileType = wrapper.cfbundle; includeInIndex = 0; path = "Rick and Morty AppUITests.xctest"; sourceTree = BUILT_PRODUCTS_DIR; };
		CE95D39D2C57C752005B1C47 /* Rick_and_Morty_AppUITests.swift */ = {isa = PBXFileReference; lastKnownFileType = sourcecode.swift; path = Rick_and_Morty_AppUITests.swift; sourceTree = "<group>"; };
		CE95D39F2C57C752005B1C47 /* Rick_and_Morty_AppUITestsLaunchTests.swift */ = {isa = PBXFileReference; lastKnownFileType = sourcecode.swift; path = Rick_and_Morty_AppUITestsLaunchTests.swift; sourceTree = "<group>"; };
/* End PBXFileReference section */

/* Begin PBXFrameworksBuildPhase section */
		CE95D37C2C57C751005B1C47 /* Frameworks */ = {
			isa = PBXFrameworksBuildPhase;
			buildActionMask = 2147483647;
			files = (
			);
			runOnlyForDeploymentPostprocessing = 0;
		};
		CE95D38C2C57C752005B1C47 /* Frameworks */ = {
			isa = PBXFrameworksBuildPhase;
			buildActionMask = 2147483647;
			files = (
			);
			runOnlyForDeploymentPostprocessing = 0;
		};
		CE95D3962C57C752005B1C47 /* Frameworks */ = {
			isa = PBXFrameworksBuildPhase;
			buildActionMask = 2147483647;
			files = (
			);
			runOnlyForDeploymentPostprocessing = 0;
		};
/* End PBXFrameworksBuildPhase section */

/* Begin PBXGroup section */
		CE95D3762C57C751005B1C47 = {
			isa = PBXGroup;
			children = (
				CE95D3812C57C751005B1C47 /* Rick and Morty App */,
				CE95D3922C57C752005B1C47 /* Rick and Morty AppTests */,
				CE95D39C2C57C752005B1C47 /* Rick and Morty AppUITests */,
				CE95D3802C57C751005B1C47 /* Products */,
			);
			sourceTree = "<group>";
		};
		CE95D3802C57C751005B1C47 /* Products */ = {
			isa = PBXGroup;
			children = (
				CE95D37F2C57C751005B1C47 /* Rick and Morty App.app */,
				CE95D38F2C57C752005B1C47 /* Rick and Morty AppTests.xctest */,
				CE95D3992C57C752005B1C47 /* Rick and Morty AppUITests.xctest */,
			);
			name = Products;
			sourceTree = "<group>";
		};
		CE95D3812C57C751005B1C47 /* Rick and Morty App */ = {
			isa = PBXGroup;
			children = (
				CE95D3822C57C751005B1C47 /* Rick_and_Morty_AppApp.swift */,
				CE95D3842C57C751005B1C47 /* ContentView.swift */,
				CE95D3862C57C752005B1C47 /* Assets.xcassets */,
				CE95D3882C57C752005B1C47 /* Preview Content */,
			);
			path = "Rick and Morty App";
			sourceTree = "<group>";
		};
		CE95D3882C57C752005B1C47 /* Preview Content */ = {
			isa = PBXGroup;
			children = (
				CE95D3892C57C752005B1C47 /* Preview Assets.xcassets */,
			);
			path = "Preview Content";
			sourceTree = "<group>";
		};
		CE95D3922C57C752005B1C47 /* Rick and Morty AppTests */ = {
			isa = PBXGroup;
			children = (
				CE95D3932C57C752005B1C47 /* Rick_and_Morty_AppTests.swift */,
			);
			path = "Rick and Morty AppTests";
			sourceTree = "<group>";
		};
		CE95D39C2C57C752005B1C47 /* Rick and Morty AppUITests */ = {
			isa = PBXGroup;
			children = (
				CE95D39D2C57C752005B1C47 /* Rick_and_Morty_AppUITests.swift */,
				CE95D39F2C57C752005B1C47 /* Rick_and_Morty_AppUITestsLaunchTests.swift */,
			);
			path = "Rick and Morty AppUITests";
			sourceTree = "<group>";
		};
/* End PBXGroup section */

/* Begin PBXNativeTarget section */
		CE95D37E2C57C751005B1C47 /* Rick and Morty App */ = {
			isa = PBXNativeTarget;
			buildConfigurationList = CE95D3A32C57C752005B1C47 /* Build configuration list for PBXNativeTarget "Rick and Morty App" */;
			buildPhases = (
				CE95D37B2C57C751005B1C47 /* Sources */,
				CE95D37C2C57C751005B1C47 /* Frameworks */,
				CE95D37D2C57C751005B1C47 /* Resources */,
			);
			buildRules = (
			);
			dependencies = (
			);
			name = "Rick and Morty App";
			productName = "Rick and Morty App";
			productReference = CE95D37F2C57C751005B1C47 /* Rick and Morty App.app */;
			productType = "com.apple.product-type.application";
		};
		CE95D38E2C57C752005B1C47 /* Rick and Morty AppTests */ = {
			isa = PBXNativeTarget;
			buildConfigurationList = CE95D3A62C57C752005B1C47 /* Build configuration list for PBXNativeTarget "Rick and Morty AppTests" */;
			buildPhases = (
				CE95D38B2C57C752005B1C47 /* Sources */,
				CE95D38C2C57C752005B1C47 /* Frameworks */,
				CE95D38D2C57C752005B1C47 /* Resources */,
			);
			buildRules = (
			);
			dependencies = (
				CE95D3912C57C752005B1C47 /* PBXTargetDependency */,
			);
			name = "Rick and Morty AppTests";
			productName = "Rick and Morty AppTests";
			productReference = CE95D38F2C57C752005B1C47 /* Rick and Morty AppTests.xctest */;
			productType = "com.apple.product-type.bundle.unit-test";
		};
		CE95D3982C57C752005B1C47 /* Rick and Morty AppUITests */ = {
			isa = PBXNativeTarget;
			buildConfigurationList = CE95D3A92C57C752005B1C47 /* Build configuration list for PBXNativeTarget "Rick and Morty AppUITests" */;
			buildPhases = (
				CE95D3952C57C752005B1C47 /* Sources */,
				CE95D3962C57C752005B1C47 /* Frameworks */,
				CE95D3972C57C752005B1C47 /* Resources */,
			);
			buildRules = (
			);
			dependencies = (
				CE95D39B2C57C752005B1C47 /* PBXTargetDependency */,
			);
			name = "Rick and Morty AppUITests";
			productName = "Rick and Morty AppUITests";
			productReference = CE95D3992C57C752005B1C47 /* Rick and Morty AppUITests.xctest */;
			productType = "com.apple.product-type.bundle.ui-testing";
		};
/* End PBXNativeTarget section */

/* Begin PBXProject section */
		CE95D3772C57C751005B1C47 /* Project object */ = {
			isa = PBXProject;
			attributes = {
				BuildIndependentTargetsInParallel = 1;
				LastSwiftUpdateCheck = 1600;
				LastUpgradeCheck = 1600;
				TargetAttributes = {
					CE95D37E2C57C751005B1C47 = {
						CreatedOnToolsVersion = 16.0;
					};
					CE95D38E2C57C752005B1C47 = {
						CreatedOnToolsVersion = 16.0;
						TestTargetID = CE95D37E2C57C751005B1C47;
					};
					CE95D3982C57C752005B1C47 = {
						CreatedOnToolsVersion = 16.0;
						TestTargetID = CE95D37E2C57C751005B1C47;
					};
				};
			};
			buildConfigurationList = CE95D37A2C57C751005B1C47 /* Build configuration list for PBXProject "Rick and Morty App" */;
			compatibilityVersion = "Xcode 15.0";
			developmentRegion = en;
			hasScannedForEncodings = 0;
			knownRegions = (
				en,
				Base,
			);
			mainGroup = CE95D3762C57C751005B1C47;
			productRefGroup = CE95D3802C57C751005B1C47 /* Products */;
			projectDirPath = "";
			projectRoot = "";
			targets = (
				CE95D37E2C57C751005B1C47 /* Rick and Morty App */,
				CE95D38E2C57C752005B1C47 /* Rick and Morty AppTests */,
				CE95D3982C57C752005B1C47 /* Rick and Morty AppUITests */,
			);
		};
/* End PBXProject section */

/* Begin PBXResourcesBuildPhase section */
		CE95D37D2C57C751005B1C47 /* Resources */ = {
			isa = PBXResourcesBuildPhase;
			buildActionMask = 2147483647;
			files = (
				CE95D38A2C57C752005B1C47 /* Preview Assets.xcassets in Resources */,
				CE95D3872C57C752005B1C47 /* Assets.xcassets in Resources */,
			);
			runOnlyForDeploymentPostprocessing = 0;
		};
		CE95D38D2C57C752005B1C47 /* Resources */ = {
			isa = PBXResourcesBuildPhase;
			buildActionMask = 2147483647;
			files = (
			);
			runOnlyForDeploymentPostprocessing = 0;
		};
		CE95D3972C57C752005B1C47 /* Resources */ = {
			isa = PBXResourcesBuildPhase;
			buildActionMask = 2147483647;
			files = (
			);
			runOnlyForDeploymentPostprocessing = 0;
		};
/* End PBXResourcesBuildPhase section */

/* Begin PBXSourcesBuildPhase section */
		CE95D37B2C57C751005B1C47 /* Sources */ = {
			isa = PBXSourcesBuildPhase;
			buildActionMask = 2147483647;
			files = (
				CE95D3852C57C751005B1C47 /* ContentView.swift in Sources */,
				CE95D3832C57C751005B1C47 /* Rick_and_Morty_AppApp.swift in Sources */,
			);
			runOnlyForDeploymentPostprocessing = 0;
		};
		CE95D38B2C57C752005B1C47 /* Sources */ = {
			isa = PBXSourcesBuildPhase;
			buildActionMask = 2147483647;
			files = (
				CE95D3942C57C752005B1C47 /* Rick_and_Morty_AppTests.swift in Sources */,
			);
			runOnlyForDeploymentPostprocessing = 0;
		};
		CE95D3952C57C752005B1C47 /* Sources */ = {
			isa = PBXSourcesBuildPhase;
			buildActionMask = 2147483647;
			files = (
				CE95D39E2C57C752005B1C47 /* Rick_and_Morty_AppUITests.swift in Sources */,
				CE95D3A02C57C752005B1C47 /* Rick_and_Morty_AppUITestsLaunchTests.swift in Sources */,
			);
			runOnlyForDeploymentPostprocessing = 0;
		};
/* End PBXSourcesBuildPhase section */

/* Begin PBXTargetDependency section */
		CE95D3912C57C752005B1C47 /* PBXTargetDependency */ = {
			isa = PBXTargetDependency;
			target = CE95D37E2C57C751005B1C47 /* Rick and Morty App */;
			targetProxy = CE95D3902C57C752005B1C47 /* PBXContainerItemProxy */;
		};
		CE95D39B2C57C752005B1C47 /* PBXTargetDependency */ = {
			isa = PBXTargetDependency;
			target = CE95D37E2C57C751005B1C47 /* Rick and Morty App */;
			targetProxy = CE95D39A2C57C752005B1C47 /* PBXContainerItemProxy */;
		};
/* End PBXTargetDependency section */

/* Begin XCBuildConfiguration section */
		CE95D3A12C57C752005B1C47 /* Debug */ = {
			isa = XCBuildConfiguration;
			buildSettings = {
				ALWAYS_SEARCH_USER_PATHS = NO;
				ASSETCATALOG_COMPILER_GENERATE_SWIFT_ASSET_SYMBOL_EXTENSIONS = YES;
				CLANG_ANALYZER_NONNULL = YES;
				CLANG_ANALYZER_NUMBER_OBJECT_CONVERSION = YES_AGGRESSIVE;
				CLANG_CXX_LANGUAGE_STANDARD = "gnu++20";
				CLANG_ENABLE_MODULES = YES;
				CLANG_ENABLE_OBJC_ARC = YES;
				CLANG_ENABLE_OBJC_WEAK = YES;
				CLANG_WARN_BLOCK_CAPTURE_AUTORELEASING = YES;
				CLANG_WARN_BOOL_CONVERSION = YES;
				CLANG_WARN_COMMA = YES;
				CLANG_WARN_CONSTANT_CONVERSION = YES;
				CLANG_WARN_DEPRECATED_OBJC_IMPLEMENTATIONS = YES;
				CLANG_WARN_DIRECT_OBJC_ISA_USAGE = YES_ERROR;
				CLANG_WARN_DOCUMENTATION_COMMENTS = YES;
				CLANG_WARN_EMPTY_BODY = YES;
				CLANG_WARN_ENUM_CONVERSION = YES;
				CLANG_WARN_INFINITE_RECURSION = YES;
				CLANG_WARN_INT_CONVERSION = YES;
				CLANG_WARN_NON_LITERAL_NULL_CONVERSION = YES;
				CLANG_WARN_OBJC_IMPLICIT_RETAIN_SELF = YES;
				CLANG_WARN_OBJC_LITERAL_CONVERSION = YES;
				CLANG_WARN_OBJC_ROOT_CLASS = YES_ERROR;
				CLANG_WARN_QUOTED_INCLUDE_IN_FRAMEWORK_HEADER = YES;
				CLANG_WARN_RANGE_LOOP_ANALYSIS = YES;
				CLANG_WARN_STRICT_PROTOTYPES = YES;
				CLANG_WARN_SUSPICIOUS_MOVE = YES;
				CLANG_WARN_UNGUARDED_AVAILABILITY = YES_AGGRESSIVE;
				CLANG_WARN_UNREACHABLE_CODE = YES;
				CLANG_WARN__DUPLICATE_METHOD_MATCH = YES;
				COPY_PHASE_STRIP = NO;
				DEBUG_INFORMATION_FORMAT = dwarf;
				ENABLE_STRICT_OBJC_MSGSEND = YES;
				ENABLE_TESTABILITY = YES;
				ENABLE_USER_SCRIPT_SANDBOXING = YES;
				GCC_C_LANGUAGE_STANDARD = gnu17;
				GCC_DYNAMIC_NO_PIC = NO;
				GCC_NO_COMMON_BLOCKS = YES;
				GCC_OPTIMIZATION_LEVEL = 0;
				GCC_PREPROCESSOR_DEFINITIONS = (
					"DEBUG=1",
					"$(inherited)",
				);
				GCC_WARN_64_TO_32_BIT_CONVERSION = YES;
				GCC_WARN_ABOUT_RETURN_TYPE = YES_ERROR;
				GCC_WARN_UNDECLARED_SELECTOR = YES;
				GCC_WARN_UNINITIALIZED_AUTOS = YES_AGGRESSIVE;
				GCC_WARN_UNUSED_FUNCTION = YES;
				GCC_WARN_UNUSED_VARIABLE = YES;
				IPHONEOS_DEPLOYMENT_TARGET = 18.0;
				LOCALIZATION_PREFERS_STRING_CATALOGS = YES;
				MTL_ENABLE_DEBUG_INFO = INCLUDE_SOURCE;
				MTL_FAST_MATH = YES;
				ONLY_ACTIVE_ARCH = YES;
				SDKROOT = iphoneos;
				SWIFT_ACTIVE_COMPILATION_CONDITIONS = "DEBUG $(inherited)";
				SWIFT_OPTIMIZATION_LEVEL = "-Onone";
			};
			name = Debug;
		};
		CE95D3A22C57C752005B1C47 /* Release */ = {
			isa = XCBuildConfiguration;
			buildSettings = {
				ALWAYS_SEARCH_USER_PATHS = NO;
				ASSETCATALOG_COMPILER_GENERATE_SWIFT_ASSET_SYMBOL_EXTENSIONS = YES;
				CLANG_ANALYZER_NONNULL = YES;
				CLANG_ANALYZER_NUMBER_OBJECT_CONVERSION = YES_AGGRESSIVE;
				CLANG_CXX_LANGUAGE_STANDARD = "gnu++20";
				CLANG_ENABLE_MODULES = YES;
				CLANG_ENABLE_OBJC_ARC = YES;
				CLANG_ENABLE_OBJC_WEAK = YES;
				CLANG_WARN_BLOCK_CAPTURE_AUTORELEASING = YES;
				CLANG_WARN_BOOL_CONVERSION = YES;
				CLANG_WARN_COMMA = YES;
				CLANG_WARN_CONSTANT_CONVERSION = YES;
				CLANG_WARN_DEPRECATED_OBJC_IMPLEMENTATIONS = YES;
				CLANG_WARN_DIRECT_OBJC_ISA_USAGE = YES_ERROR;
				CLANG_WARN_DOCUMENTATION_COMMENTS = YES;
				CLANG_WARN_EMPTY_BODY = YES;
				CLANG_WARN_ENUM_CONVERSION = YES;
				CLANG_WARN_INFINITE_RECURSION = YES;
				CLANG_WARN_INT_CONVERSION = YES;
				CLANG_WARN_NON_LITERAL_NULL_CONVERSION = YES;
				CLANG_WARN_OBJC_IMPLICIT_RETAIN_SELF = YES;
				CLANG_WARN_OBJC_LITERAL_CONVERSION = YES;
				CLANG_WARN_OBJC_ROOT_CLASS = YES_ERROR;
				CLANG_WARN_QUOTED_INCLUDE_IN_FRAMEWORK_HEADER = YES;
				CLANG_WARN_RANGE_LOOP_ANALYSIS = YES;
				CLANG_WARN_STRICT_PROTOTYPES = YES;
				CLANG_WARN_SUSPICIOUS_MOVE = YES;
				CLANG_WARN_UNGUARDED_AVAILABILITY = YES_AGGRESSIVE;
				CLANG_WARN_UNREACHABLE_CODE = YES;
				CLANG_WARN__DUPLICATE_METHOD_MATCH = YES;
				COPY_PHASE_STRIP = NO;
				DEBUG_INFORMATION_FORMAT = "dwarf-with-dsym";
				ENABLE_NS_ASSERTIONS = NO;
				ENABLE_STRICT_OBJC_MSGSEND = YES;
				ENABLE_USER_SCRIPT_SANDBOXING = YES;
				GCC_C_LANGUAGE_STANDARD = gnu17;
				GCC_NO_COMMON_BLOCKS = YES;
				GCC_WARN_64_TO_32_BIT_CONVERSION = YES;
				GCC_WARN_ABOUT_RETURN_TYPE = YES_ERROR;
				GCC_WARN_UNDECLARED_SELECTOR = YES;
				GCC_WARN_UNINITIALIZED_AUTOS = YES_AGGRESSIVE;
				GCC_WARN_UNUSED_FUNCTION = YES;
				GCC_WARN_UNUSED_VARIABLE = YES;
				IPHONEOS_DEPLOYMENT_TARGET = 18.0;
				LOCALIZATION_PREFERS_STRING_CATALOGS = YES;
				MTL_ENABLE_DEBUG_INFO = NO;
				MTL_FAST_MATH = YES;
				SDKROOT = iphoneos;
				SWIFT_COMPILATION_MODE = wholemodule;
				VALIDATE_PRODUCT = YES;
			};
			name = Release;
		};
		CE95D3A42C57C752005B1C47 /* Debug */ = {
			isa = XCBuildConfiguration;
			buildSettings = {
				ASSETCATALOG_COMPILER_APPICON_NAME = AppIcon;
				ASSETCATALOG_COMPILER_GLOBAL_ACCENT_COLOR_NAME = AccentColor;
				CODE_SIGN_STYLE = Automatic;
				CURRENT_PROJECT_VERSION = 1;
				DEVELOPMENT_ASSET_PATHS = "\"Rick and Morty App/Preview Content\"";
				DEVELOPMENT_TEAM = MNF9B6AHXC;
				ENABLE_PREVIEWS = YES;
				GENERATE_INFOPLIST_FILE = YES;
				INFOPLIST_KEY_UIApplicationSceneManifest_Generation = YES;
				INFOPLIST_KEY_UIApplicationSupportsIndirectInputEvents = YES;
				INFOPLIST_KEY_UILaunchScreen_Generation = YES;
				INFOPLIST_KEY_UISupportedInterfaceOrientations_iPad = "UIInterfaceOrientationPortrait UIInterfaceOrientationPortraitUpsideDown UIInterfaceOrientationLandscapeLeft UIInterfaceOrientationLandscapeRight";
				INFOPLIST_KEY_UISupportedInterfaceOrientations_iPhone = "UIInterfaceOrientationPortrait UIInterfaceOrientationLandscapeLeft UIInterfaceOrientationLandscapeRight";
				LD_RUNPATH_SEARCH_PATHS = (
					"$(inherited)",
					"@executable_path/Frameworks",
				);
				MARKETING_VERSION = 1.0;
				PRODUCT_BUNDLE_IDENTIFIER = "com.berkaysimsek.Rick-and-Morty-App";
				PRODUCT_NAME = "$(TARGET_NAME)";
				SWIFT_EMIT_LOC_STRINGS = YES;
				SWIFT_VERSION = 5.0;
				TARGETED_DEVICE_FAMILY = "1,2";
			};
			name = Debug;
		};
		CE95D3A52C57C752005B1C47 /* Release */ = {
			isa = XCBuildConfiguration;
			buildSettings = {
				ASSETCATALOG_COMPILER_APPICON_NAME = AppIcon;
				ASSETCATALOG_COMPILER_GLOBAL_ACCENT_COLOR_NAME = AccentColor;
				CODE_SIGN_STYLE = Automatic;
				CURRENT_PROJECT_VERSION = 1;
				DEVELOPMENT_ASSET_PATHS = "\"Rick and Morty App/Preview Content\"";
				DEVELOPMENT_TEAM = MNF9B6AHXC;
				ENABLE_PREVIEWS = YES;
				GENERATE_INFOPLIST_FILE = YES;
				INFOPLIST_KEY_UIApplicationSceneManifest_Generation = YES;
				INFOPLIST_KEY_UIApplicationSupportsIndirectInputEvents = YES;
				INFOPLIST_KEY_UILaunchScreen_Generation = YES;
				INFOPLIST_KEY_UISupportedInterfaceOrientations_iPad = "UIInterfaceOrientationPortrait UIInterfaceOrientationPortraitUpsideDown UIInterfaceOrientationLandscapeLeft UIInterfaceOrientationLandscapeRight";
				INFOPLIST_KEY_UISupportedInterfaceOrientations_iPhone = "UIInterfaceOrientationPortrait UIInterfaceOrientationLandscapeLeft UIInterfaceOrientationLandscapeRight";
				LD_RUNPATH_SEARCH_PATHS = (
					"$(inherited)",
					"@executable_path/Frameworks",
				);
				MARKETING_VERSION = 1.0;
				PRODUCT_BUNDLE_IDENTIFIER = "com.berkaysimsek.Rick-and-Morty-App";
				PRODUCT_NAME = "$(TARGET_NAME)";
				SWIFT_EMIT_LOC_STRINGS = YES;
				SWIFT_VERSION = 5.0;
				TARGETED_DEVICE_FAMILY = "1,2";
			};
			name = Release;
		};
		CE95D3A72C57C752005B1C47 /* Debug */ = {
			isa = XCBuildConfiguration;
			buildSettings = {
				BUNDLE_LOADER = "$(TEST_HOST)";
				CODE_SIGN_STYLE = Automatic;
				CURRENT_PROJECT_VERSION = 1;
				DEVELOPMENT_TEAM = MNF9B6AHXC;
				GENERATE_INFOPLIST_FILE = YES;
				IPHONEOS_DEPLOYMENT_TARGET = 18.0;
				MARKETING_VERSION = 1.0;
				PRODUCT_BUNDLE_IDENTIFIER = "com.berkaysimsek.Rick-and-Morty-AppTests";
				PRODUCT_NAME = "$(TARGET_NAME)";
				SWIFT_EMIT_LOC_STRINGS = NO;
				SWIFT_VERSION = 5.0;
				TARGETED_DEVICE_FAMILY = "1,2";
				TEST_HOST = "$(BUILT_PRODUCTS_DIR)/Rick and Morty App.app/$(BUNDLE_EXECUTABLE_FOLDER_PATH)/Rick and Morty App";
			};
			name = Debug;
		};
		CE95D3A82C57C752005B1C47 /* Release */ = {
			isa = XCBuildConfiguration;
			buildSettings = {
				BUNDLE_LOADER = "$(TEST_HOST)";
				CODE_SIGN_STYLE = Automatic;
				CURRENT_PROJECT_VERSION = 1;
				DEVELOPMENT_TEAM = MNF9B6AHXC;
				GENERATE_INFOPLIST_FILE = YES;
				IPHONEOS_DEPLOYMENT_TARGET = 18.0;
				MARKETING_VERSION = 1.0;
				PRODUCT_BUNDLE_IDENTIFIER = "com.berkaysimsek.Rick-and-Morty-AppTests";
				PRODUCT_NAME = "$(TARGET_NAME)";
				SWIFT_EMIT_LOC_STRINGS = NO;
				SWIFT_VERSION = 5.0;
				TARGETED_DEVICE_FAMILY = "1,2";
				TEST_HOST = "$(BUILT_PRODUCTS_DIR)/Rick and Morty App.app/$(BUNDLE_EXECUTABLE_FOLDER_PATH)/Rick and Morty App";
			};
			name = Release;
		};
		CE95D3AA2C57C752005B1C47 /* Debug */ = {
			isa = XCBuildConfiguration;
			buildSettings = {
				CODE_SIGN_STYLE = Automatic;
				CURRENT_PROJECT_VERSION = 1;
				DEVELOPMENT_TEAM = MNF9B6AHXC;
				GENERATE_INFOPLIST_FILE = YES;
				MARKETING_VERSION = 1.0;
				PRODUCT_BUNDLE_IDENTIFIER = "com.berkaysimsek.Rick-and-Morty-AppUITests";
				PRODUCT_NAME = "$(TARGET_NAME)";
				SWIFT_EMIT_LOC_STRINGS = NO;
				SWIFT_VERSION = 5.0;
				TARGETED_DEVICE_FAMILY = "1,2";
				TEST_TARGET_NAME = "Rick and Morty App";
			};
			name = Debug;
		};
		CE95D3AB2C57C752005B1C47 /* Release */ = {
			isa = XCBuildConfiguration;
			buildSettings = {
				CODE_SIGN_STYLE = Automatic;
				CURRENT_PROJECT_VERSION = 1;
				DEVELOPMENT_TEAM = MNF9B6AHXC;
				GENERATE_INFOPLIST_FILE = YES;
				MARKETING_VERSION = 1.0;
				PRODUCT_BUNDLE_IDENTIFIER = "com.berkaysimsek.Rick-and-Morty-AppUITests";
				PRODUCT_NAME = "$(TARGET_NAME)";
				SWIFT_EMIT_LOC_STRINGS = NO;
				SWIFT_VERSION = 5.0;
				TARGETED_DEVICE_FAMILY = "1,2";
				TEST_TARGET_NAME = "Rick and Morty App";
			};
			name = Release;
		};
/* End XCBuildConfiguration section */

/* Begin XCConfigurationList section */
		CE95D37A2C57C751005B1C47 /* Build configuration list for PBXProject "Rick and Morty App" */ = {
			isa = XCConfigurationList;
			buildConfigurations = (
				CE95D3A12C57C752005B1C47 /* Debug */,
				CE95D3A22C57C752005B1C47 /* Release */,
			);
			defaultConfigurationIsVisible = 0;
			defaultConfigurationName = Release;
		};
		CE95D3A32C57C752005B1C47 /* Build configuration list for PBXNativeTarget "Rick and Morty App" */ = {
			isa = XCConfigurationList;
			buildConfigurations = (
				CE95D3A42C57C752005B1C47 /* Debug */,
				CE95D3A52C57C752005B1C47 /* Release */,
			);
			defaultConfigurationIsVisible = 0;
			defaultConfigurationName = Release;
		};
		CE95D3A62C57C752005B1C47 /* Build configuration list for PBXNativeTarget "Rick and Morty AppTests" */ = {
			isa = XCConfigurationList;
			buildConfigurations = (
				CE95D3A72C57C752005B1C47 /* Debug */,
				CE95D3A82C57C752005B1C47 /* Release */,
			);
			defaultConfigurationIsVisible = 0;
			defaultConfigurationName = Release;
		};
		CE95D3A92C57C752005B1C47 /* Build configuration list for PBXNativeTarget "Rick and Morty AppUITests" */ = {
			isa = XCConfigurationList;
			buildConfigurations = (
				CE95D3AA2C57C752005B1C47 /* Debug */,
				CE95D3AB2C57C752005B1C47 /* Release */,
			);
			defaultConfigurationIsVisible = 0;
			defaultConfigurationName = Release;
		};
/* End XCConfigurationList section */
	};
	rootObject = CE95D3772C57C751005B1C47 /* Project object */;
}
